// !$*UTF8*$!
{
	archiveVersion = 1;
	classes = {
	};
	objectVersion = 50;
	objects = {

/* Begin PBXBuildFile section */
		23AFD162957FBBF283790192 /* Pods_demoib.framework in Frameworks */ = {isa = PBXBuildFile; fileRef = A44E1ED77A980F23962A3302 /* Pods_demoib.framework */; };
		A373A1482689EC80005A84C8 /* AppDelegate.swift in Sources */ = {isa = PBXBuildFile; fileRef = A373A1472689EC80005A84C8 /* AppDelegate.swift */; };
		A373A14A2689EC80005A84C8 /* SceneDelegate.swift in Sources */ = {isa = PBXBuildFile; fileRef = A373A1492689EC80005A84C8 /* SceneDelegate.swift */; };
		A373A14C2689EC80005A84C8 /* ViewController.swift in Sources */ = {isa = PBXBuildFile; fileRef = A373A14B2689EC80005A84C8 /* ViewController.swift */; };
		A373A14F2689EC80005A84C8 /* Main.storyboard in Resources */ = {isa = PBXBuildFile; fileRef = A373A14D2689EC80005A84C8 /* Main.storyboard */; };
		A373A1512689EC83005A84C8 /* Assets.xcassets in Resources */ = {isa = PBXBuildFile; fileRef = A373A1502689EC83005A84C8 /* Assets.xcassets */; };
		A373A1542689EC83005A84C8 /* LaunchScreen.storyboard in Resources */ = {isa = PBXBuildFile; fileRef = A373A1522689EC83005A84C8 /* LaunchScreen.storyboard */; };
/* End PBXBuildFile section */

/* Begin PBXFileReference section */
		53E739C2E001A6BA2A2AC37C /* Pods-demoib.release.xcconfig */ = {isa = PBXFileReference; includeInIndex = 1; lastKnownFileType = text.xcconfig; name = "Pods-demoib.release.xcconfig"; path = "Target Support Files/Pods-demoib/Pods-demoib.release.xcconfig"; sourceTree = "<group>"; };
		7765A0CA7B0F83CE753863F6 /* Pods-demoib.debug.xcconfig */ = {isa = PBXFileReference; includeInIndex = 1; lastKnownFileType = text.xcconfig; name = "Pods-demoib.debug.xcconfig"; path = "Target Support Files/Pods-demoib/Pods-demoib.debug.xcconfig"; sourceTree = "<group>"; };
		A373A1442689EC80005A84C8 /* demoib.app */ = {isa = PBXFileReference; explicitFileType = wrapper.application; includeInIndex = 0; path = demoib.app; sourceTree = BUILT_PRODUCTS_DIR; };
		A373A1472689EC80005A84C8 /* AppDelegate.swift */ = {isa = PBXFileReference; lastKnownFileType = sourcecode.swift; path = AppDelegate.swift; sourceTree = "<group>"; };
		A373A1492689EC80005A84C8 /* SceneDelegate.swift */ = {isa = PBXFileReference; lastKnownFileType = sourcecode.swift; path = SceneDelegate.swift; sourceTree = "<group>"; };
		A373A14B2689EC80005A84C8 /* ViewController.swift */ = {isa = PBXFileReference; lastKnownFileType = sourcecode.swift; path = ViewController.swift; sourceTree = "<group>"; };
		A373A14E2689EC80005A84C8 /* Base */ = {isa = PBXFileReference; lastKnownFileType = file.storyboard; name = Base; path = Base.lproj/Main.storyboard; sourceTree = "<group>"; };
		A373A1502689EC83005A84C8 /* Assets.xcassets */ = {isa = PBXFileReference; lastKnownFileType = folder.assetcatalog; path = Assets.xcassets; sourceTree = "<group>"; };
		A373A1532689EC83005A84C8 /* Base */ = {isa = PBXFileReference; lastKnownFileType = file.storyboard; name = Base; path = Base.lproj/LaunchScreen.storyboard; sourceTree = "<group>"; };
		A373A1552689EC83005A84C8 /* Info.plist */ = {isa = PBXFileReference; lastKnownFileType = text.plist.xml; path = Info.plist; sourceTree = "<group>"; };
		A44E1ED77A980F23962A3302 /* Pods_demoib.framework */ = {isa = PBXFileReference; explicitFileType = wrapper.framework; includeInIndex = 0; path = Pods_demoib.framework; sourceTree = BUILT_PRODUCTS_DIR; };
/* End PBXFileReference section */

/* Begin PBXFrameworksBuildPhase section */
		A373A1412689EC80005A84C8 /* Frameworks */ = {
			isa = PBXFrameworksBuildPhase;
			buildActionMask = 2147483647;
			files = (
				23AFD162957FBBF283790192 /* Pods_demoib.framework in Frameworks */,
			);
			runOnlyForDeploymentPostprocessing = 0;
		};
/* End PBXFrameworksBuildPhase section */

/* Begin PBXGroup section */
		09F79B58BDE2BD1A8A1DF268 /* Frameworks */ = {
			isa = PBXGroup;
			children = (
				A44E1ED77A980F23962A3302 /* Pods_demoib.framework */,
			);
			name = Frameworks;
			sourceTree = "<group>";
		};
		470707714C0540FE10BB1238 /* Pods */ = {
			isa = PBXGroup;
			children = (
				7765A0CA7B0F83CE753863F6 /* Pods-demoib.debug.xcconfig */,
				53E739C2E001A6BA2A2AC37C /* Pods-demoib.release.xcconfig */,
			);
			name = Pods;
			path = Pods;
			sourceTree = "<group>";
		};
		A373A13B2689EC80005A84C8 = {
			isa = PBXGroup;
			children = (
				A373A1462689EC80005A84C8 /* demoib */,
				A373A1452689EC80005A84C8 /* Products */,
				470707714C0540FE10BB1238 /* Pods */,
				09F79B58BDE2BD1A8A1DF268 /* Frameworks */,
			);
			sourceTree = "<group>";
		};
		A373A1452689EC80005A84C8 /* Products */ = {
			isa = PBXGroup;
			children = (
				A373A1442689EC80005A84C8 /* demoib.app */,
			);
			name = Products;
			sourceTree = "<group>";
		};
		A373A1462689EC80005A84C8 /* demoib */ = {
			isa = PBXGroup;
			children = (
				A373A1472689EC80005A84C8 /* AppDelegate.swift */,
				A373A1492689EC80005A84C8 /* SceneDelegate.swift */,
				A373A14B2689EC80005A84C8 /* ViewController.swift */,
				A373A14D2689EC80005A84C8 /* Main.storyboard */,
				A373A1502689EC83005A84C8 /* Assets.xcassets */,
				A373A1522689EC83005A84C8 /* LaunchScreen.storyboard */,
				A373A1552689EC83005A84C8 /* Info.plist */,
			);
			path = demoib;
			sourceTree = "<group>";
		};
/* End PBXGroup section */

/* Begin PBXNativeTarget section */
		A373A1432689EC80005A84C8 /* demoib */ = {
			isa = PBXNativeTarget;
			buildConfigurationList = A373A1582689EC83005A84C8 /* Build configuration list for PBXNativeTarget "demoib" */;
			buildPhases = (
				6242344DD94BBEBCBD30CDE4 /* [CP] Check Pods Manifest.lock */,
				A373A1402689EC80005A84C8 /* Sources */,
				A373A1412689EC80005A84C8 /* Frameworks */,
				A373A1422689EC80005A84C8 /* Resources */,
				F9B0B606700B165B8866884C /* [CP] Embed Pods Frameworks */,
			);
			buildRules = (
			);
			dependencies = (
			);
			name = demoib;
			productName = demoib;
			productReference = A373A1442689EC80005A84C8 /* demoib.app */;
			productType = "com.apple.product-type.application";
		};
/* End PBXNativeTarget section */

/* Begin PBXProject section */
		A373A13C2689EC80005A84C8 /* Project object */ = {
			isa = PBXProject;
			attributes = {
				LastSwiftUpdateCheck = 1230;
				LastUpgradeCheck = 1230;
				TargetAttributes = {
					A373A1432689EC80005A84C8 = {
						CreatedOnToolsVersion = 12.3;
					};
				};
			};
			buildConfigurationList = A373A13F2689EC80005A84C8 /* Build configuration list for PBXProject "demoib" */;
			compatibilityVersion = "Xcode 9.3";
			developmentRegion = en;
			hasScannedForEncodings = 0;
			knownRegions = (
				en,
				Base,
			);
			mainGroup = A373A13B2689EC80005A84C8;
			productRefGroup = A373A1452689EC80005A84C8 /* Products */;
			projectDirPath = "";
			projectRoot = "";
			targets = (
				A373A1432689EC80005A84C8 /* demoib */,
			);
		};
/* End PBXProject section */

/* Begin PBXResourcesBuildPhase section */
		A373A1422689EC80005A84C8 /* Resources */ = {
			isa = PBXResourcesBuildPhase;
			buildActionMask = 2147483647;
			files = (
				A373A1542689EC83005A84C8 /* LaunchScreen.storyboard in Resources */,
				A373A1512689EC83005A84C8 /* Assets.xcassets in Resources */,
				A373A14F2689EC80005A84C8 /* Main.storyboard in Resources */,
			);
			runOnlyForDeploymentPostprocessing = 0;
		};
/* End PBXResourcesBuildPhase section */

/* Begin PBXShellScriptBuildPhase section */
		6242344DD94BBEBCBD30CDE4 /* [CP] Check Pods Manifest.lock */ = {
			isa = PBXShellScriptBuildPhase;
			buildActionMask = 2147483647;
			files = (
			);
			inputFileListPaths = (
			);
			inputPaths = (
				"${PODS_PODFILE_DIR_PATH}/Podfile.lock",
				"${PODS_ROOT}/Manifest.lock",
			);
			name = "[CP] Check Pods Manifest.lock";
			outputFileListPaths = (
			);
			outputPaths = (
				"$(DERIVED_FILE_DIR)/Pods-demoib-checkManifestLockResult.txt",
			);
			runOnlyForDeploymentPostprocessing = 0;
			shellPath = /bin/sh;
			shellScript = "diff \"${PODS_PODFILE_DIR_PATH}/Podfile.lock\" \"${PODS_ROOT}/Manifest.lock\" > /dev/null\nif [ $? != 0 ] ; then\n    # print error to STDERR\n    echo \"error: The sandbox is not in sync with the Podfile.lock. Run 'pod install' or update your CocoaPods installation.\" >&2\n    exit 1\nfi\n# This output is used by Xcode 'outputs' to avoid re-running this script phase.\necho \"SUCCESS\" > \"${SCRIPT_OUTPUT_FILE_0}\"\n";
			showEnvVarsInLog = 0;
		};
		F9B0B606700B165B8866884C /* [CP] Embed Pods Frameworks */ = {
			isa = PBXShellScriptBuildPhase;
			buildActionMask = 2147483647;
			files = (
			);
			inputFileListPaths = (
				"${PODS_ROOT}/Target Support Files/Pods-demoib/Pods-demoib-frameworks-${CONFIGURATION}-input-files.xcfilelist",
			);
			name = "[CP] Embed Pods Frameworks";
			outputFileListPaths = (
				"${PODS_ROOT}/Target Support Files/Pods-demoib/Pods-demoib-frameworks-${CONFIGURATION}-output-files.xcfilelist",
			);
			runOnlyForDeploymentPostprocessing = 0;
			shellPath = /bin/sh;
			shellScript = "\"${PODS_ROOT}/Target Support Files/Pods-demoib/Pods-demoib-frameworks.sh\"\n";
			showEnvVarsInLog = 0;
		};
/* End PBXShellScriptBuildPhase section */

/* Begin PBXSourcesBuildPhase section */
		A373A1402689EC80005A84C8 /* Sources */ = {
			isa = PBXSourcesBuildPhase;
			buildActionMask = 2147483647;
			files = (
				A373A14C2689EC80005A84C8 /* ViewController.swift in Sources */,
				A373A1482689EC80005A84C8 /* AppDelegate.swift in Sources */,
				A373A14A2689EC80005A84C8 /* SceneDelegate.swift in Sources */,
			);
			runOnlyForDeploymentPostprocessing = 0;
		};
/* End PBXSourcesBuildPhase section */

/* Begin PBXVariantGroup section */
		A373A14D2689EC80005A84C8 /* Main.storyboard */ = {
			isa = PBXVariantGroup;
			children = (
				A373A14E2689EC80005A84C8 /* Base */,
			);
			name = Main.storyboard;
			sourceTree = "<group>";
		};
		A373A1522689EC83005A84C8 /* LaunchScreen.storyboard */ = {
			isa = PBXVariantGroup;
			children = (
				A373A1532689EC83005A84C8 /* Base */,
			);
			name = LaunchScreen.storyboard;
			sourceTree = "<group>";
		};
/* End PBXVariantGroup section */

/* Begin XCBuildConfiguration section */
		A373A1562689EC83005A84C8 /* Debug */ = {
			isa = XCBuildConfiguration;
			buildSettings = {
				ALWAYS_SEARCH_USER_PATHS = NO;
				CLANG_ANALYZER_NONNULL = YES;
				CLANG_ANALYZER_NUMBER_OBJECT_CONVERSION = YES_AGGRESSIVE;
				CLANG_CXX_LANGUAGE_STANDARD = "gnu++14";
				CLANG_CXX_LIBRARY = "libc++";
				CLANG_ENABLE_MODULES = YES;
				CLANG_ENABLE_OBJC_ARC = YES;
				CLANG_ENABLE_OBJC_WEAK = YES;
				CLANG_WARN_BLOCK_CAPTURE_AUTORELEASING = YES;
				CLANG_WARN_BOOL_CONVERSION = YES;
				CLANG_WARN_COMMA = YES;
				CLANG_WARN_CONSTANT_CONVERSION = YES;
				CLANG_WARN_DEPRECATED_OBJC_IMPLEMENTATIONS = YES;
				CLANG_WARN_DIRECT_OBJC_ISA_USAGE = YES_ERROR;
				CLANG_WARN_DOCUMENTATION_COMMENTS = YES;
				CLANG_WARN_EMPTY_BODY = YES;
				CLANG_WARN_ENUM_CONVERSION = YES;
				CLANG_WARN_INFINITE_RECURSION = YES;
				CLANG_WARN_INT_CONVERSION = YES;
				CLANG_WARN_NON_LITERAL_NULL_CONVERSION = YES;
				CLANG_WARN_OBJC_IMPLICIT_RETAIN_SELF = YES;
				CLANG_WARN_OBJC_LITERAL_CONVERSION = YES;
				CLANG_WARN_OBJC_ROOT_CLASS = YES_ERROR;
				CLANG_WARN_QUOTED_INCLUDE_IN_FRAMEWORK_HEADER = YES;
				CLANG_WARN_RANGE_LOOP_ANALYSIS = YES;
				CLANG_WARN_STRICT_PROTOTYPES = YES;
				CLANG_WARN_SUSPICIOUS_MOVE = YES;
				CLANG_WARN_UNGUARDED_AVAILABILITY = YES_AGGRESSIVE;
				CLANG_WARN_UNREACHABLE_CODE = YES;
				CLANG_WARN__DUPLICATE_METHOD_MATCH = YES;
				COPY_PHASE_STRIP = NO;
				DEBUG_INFORMATION_FORMAT = dwarf;
				ENABLE_STRICT_OBJC_MSGSEND = YES;
				ENABLE_TESTABILITY = YES;
				GCC_C_LANGUAGE_STANDARD = gnu11;
				GCC_DYNAMIC_NO_PIC = NO;
				GCC_NO_COMMON_BLOCKS = YES;
				GCC_OPTIMIZATION_LEVEL = 0;
				GCC_PREPROCESSOR_DEFINITIONS = (
					"DEBUG=1",
					"$(inherited)",
				);
				GCC_WARN_64_TO_32_BIT_CONVERSION = YES;
				GCC_WARN_ABOUT_RETURN_TYPE = YES_ERROR;
				GCC_WARN_UNDECLARED_SELECTOR = YES;
				GCC_WARN_UNINITIALIZED_AUTOS = YES_AGGRESSIVE;
				GCC_WARN_UNUSED_FUNCTION = YES;
				GCC_WARN_UNUSED_VARIABLE = YES;
				IPHONEOS_DEPLOYMENT_TARGET = 14.3;
				MTL_ENABLE_DEBUG_INFO = INCLUDE_SOURCE;
				MTL_FAST_MATH = YES;
				ONLY_ACTIVE_ARCH = YES;
				SDKROOT = iphoneos;
				SWIFT_ACTIVE_COMPILATION_CONDITIONS = DEBUG;
				SWIFT_OPTIMIZATION_LEVEL = "-Onone";
			};
			name = Debug;
		};
		A373A1572689EC83005A84C8 /* Release */ = {
			isa = XCBuildConfiguration;
			buildSettings = {
				ALWAYS_SEARCH_USER_PATHS = NO;
				CLANG_ANALYZER_NONNULL = YES;
				CLANG_ANALYZER_NUMBER_OBJECT_CONVERSION = YES_AGGRESSIVE;
				CLANG_CXX_LANGUAGE_STANDARD = "gnu++14";
				CLANG_CXX_LIBRARY = "libc++";
				CLANG_ENABLE_MODULES = YES;
				CLANG_ENABLE_OBJC_ARC = YES;
				CLANG_ENABLE_OBJC_WEAK = YES;
				CLANG_WARN_BLOCK_CAPTURE_AUTORELEASING = YES;
				CLANG_WARN_BOOL_CONVERSION = YES;
				CLANG_WARN_COMMA = YES;
				CLANG_WARN_CONSTANT_CONVERSION = YES;
				CLANG_WARN_DEPRECATED_OBJC_IMPLEMENTATIONS = YES;
				CLANG_WARN_DIRECT_OBJC_ISA_USAGE = YES_ERROR;
				CLANG_WARN_DOCUMENTATION_COMMENTS = YES;
				CLANG_WARN_EMPTY_BODY = YES;
				CLANG_WARN_ENUM_CONVERSION = YES;
				CLANG_WARN_INFINITE_RECURSION = YES;
				CLANG_WARN_INT_CONVERSION = YES;
				CLANG_WARN_NON_LITERAL_NULL_CONVERSION = YES;
				CLANG_WARN_OBJC_IMPLICIT_RETAIN_SELF = YES;
				CLANG_WARN_OBJC_LITERAL_CONVERSION = YES;
				CLANG_WARN_OBJC_ROOT_CLASS = YES_ERROR;
				CLANG_WARN_QUOTED_INCLUDE_IN_FRAMEWORK_HEADER = YES;
				CLANG_WARN_RANGE_LOOP_ANALYSIS = YES;
				CLANG_WARN_STRICT_PROTOTYPES = YES;
				CLANG_WARN_SUSPICIOUS_MOVE = YES;
				CLANG_WARN_UNGUARDED_AVAILABILITY = YES_AGGRESSIVE;
				CLANG_WARN_UNREACHABLE_CODE = YES;
				CLANG_WARN__DUPLICATE_METHOD_MATCH = YES;
				COPY_PHASE_STRIP = NO;
				DEBUG_INFORMATION_FORMAT = "dwarf-with-dsym";
				ENABLE_NS_ASSERTIONS = NO;
				ENABLE_STRICT_OBJC_MSGSEND = YES;
				GCC_C_LANGUAGE_STANDARD = gnu11;
				GCC_NO_COMMON_BLOCKS = YES;
				GCC_WARN_64_TO_32_BIT_CONVERSION = YES;
				GCC_WARN_ABOUT_RETURN_TYPE = YES_ERROR;
				GCC_WARN_UNDECLARED_SELECTOR = YES;
				GCC_WARN_UNINITIALIZED_AUTOS = YES_AGGRESSIVE;
				GCC_WARN_UNUSED_FUNCTION = YES;
				GCC_WARN_UNUSED_VARIABLE = YES;
				IPHONEOS_DEPLOYMENT_TARGET = 14.3;
				MTL_ENABLE_DEBUG_INFO = NO;
				MTL_FAST_MATH = YES;
				SDKROOT = iphoneos;
				SWIFT_COMPILATION_MODE = wholemodule;
				SWIFT_OPTIMIZATION_LEVEL = "-O";
				VALIDATE_PRODUCT = YES;
			};
			name = Release;
		};
		A373A1592689EC83005A84C8 /* Debug */ = {
			isa = XCBuildConfiguration;
			baseConfigurationReference = 7765A0CA7B0F83CE753863F6 /* Pods-demoib.debug.xcconfig */;
			buildSettings = {
				ASSETCATALOG_COMPILER_APPICON_NAME = AppIcon;
				ASSETCATALOG_COMPILER_GLOBAL_ACCENT_COLOR_NAME = AccentColor;
				CODE_SIGN_STYLE = Automatic;
				DEVELOPMENT_TEAM = X3BYYH7U6Q;
				INFOPLIST_FILE = demoib/Info.plist;
				LD_RUNPATH_SEARCH_PATHS = (
					"$(inherited)",
					"@executable_path/Frameworks",
				);
				PRODUCT_BUNDLE_IDENTIFIER = com.Microlinks.demoib;
				PRODUCT_NAME = "$(TARGET_NAME)";
				SWIFT_VERSION = 5.0;
				TARGETED_DEVICE_FAMILY = "1,2";
			};
			name = Debug;
		};
		A373A15A2689EC83005A84C8 /* Release */ = {
			isa = XCBuildConfiguration;
			baseConfigurationReference = 53E739C2E001A6BA2A2AC37C /* Pods-demoib.release.xcconfig */;
			buildSettings = {
				ASSETCATALOG_COMPILER_APPICON_NAME = AppIcon;
				ASSETCATALOG_COMPILER_GLOBAL_ACCENT_COLOR_NAME = AccentColor;
				CODE_SIGN_STYLE = Automatic;
				DEVELOPMENT_TEAM = X3BYYH7U6Q;
				INFOPLIST_FILE = demoib/Info.plist;
				LD_RUNPATH_SEARCH_PATHS = (
					"$(inherited)",
					"@executable_path/Frameworks",
				);
				PRODUCT_BUNDLE_IDENTIFIER = com.Microlinks.demoib;
				PRODUCT_NAME = "$(TARGET_NAME)";
				SWIFT_VERSION = 5.0;
				TARGETED_DEVICE_FAMILY = "1,2";
			};
			name = Release;
		};
/* End XCBuildConfiguration section */

/* Begin XCConfigurationList section */
		A373A13F2689EC80005A84C8 /* Build configuration list for PBXProject "demoib" */ = {
			isa = XCConfigurationList;
			buildConfigurations = (
				A373A1562689EC83005A84C8 /* Debug */,
				A373A1572689EC83005A84C8 /* Release */,
			);
			defaultConfigurationIsVisible = 0;
			defaultConfigurationName = Release;
		};
		A373A1582689EC83005A84C8 /* Build configuration list for PBXNativeTarget "demoib" */ = {
			isa = XCConfigurationList;
			buildConfigurations = (
				A373A1592689EC83005A84C8 /* Debug */,
				A373A15A2689EC83005A84C8 /* Release */,
			);
			defaultConfigurationIsVisible = 0;
			defaultConfigurationName = Release;
		};
/* End XCConfigurationList section */
	};
	rootObject = A373A13C2689EC80005A84C8 /* Project object */;
}
